
Microsoft Visual Studio Solution File, Format Version 12.00
Project("{FAE04EC0-301F-11D3-BF4B-00C04F79EFBC}") = "DataHarverster.Application", "DataHarverster.Application\DataHarverster.Application.csproj", "{725EC9D5-108B-4121-BD3A-0F93D1A2538F}"
EndProject
Project("{FAE04EC0-301F-11D3-BF4B-00C04F79EFBC}") = "DataHarvester.Domain", "DataHarvester.Domain\DataHarvester.Domain.csproj", "{84FBED55-EA1B-4BDC-B96D-77F137FDB7C7}"
EndProject
Project("{FAE04EC0-301F-11D3-BF4B-00C04F79EFBC}") = "DataHarvester.Infrastructure", "DataHarvester.Infrastructure\DataHarvester.Infrastructure.csproj", "{D8CAF91E-1A1D-4EEF-B45C-8992396F520B}"
EndProject
Project("{FAE04EC0-301F-11D3-BF4B-00C04F79EFBC}") = "DataHarvester.Worker", "DataHarvester.Worker\DataHarvester.Worker.csproj", "{D7F207AF-9C57-4F28-AFBE-A13A265DACBF}"
EndProject
Project("{FAE04EC0-301F-11D3-BF4B-00C04F79EFBC}") = "DataHarvester.API", "DataHarvester.API\DataHarvester.API.csproj", "{C9B70564-407F-457A-9203-CCD77B332AF5}"
EndProject
Project("{FAE04EC0-301F-11D3-BF4B-00C04F79EFBC}") = "DataHarvester.Shared", "DataHarvester.Shared\DataHarvester.Shared.csproj", "{8C0E50B3-7BC2-480E-B6AF-5B35915CE22B}"
EndProject
Global
	GlobalSection(SolutionConfigurationPlatforms) = preSolution
		Debug|Any CPU = Debug|Any CPU
		Release|Any CPU = Release|Any CPU
	EndGlobalSection
	GlobalSection(ProjectConfigurationPlatforms) = postSolution
		{725EC9D5-108B-4121-BD3A-0F93D1A2538F}.Debug|Any CPU.ActiveCfg = Debug|Any CPU
		{725EC9D5-108B-4121-BD3A-0F93D1A2538F}.Debug|Any CPU.Build.0 = Debug|Any CPU
		{725EC9D5-108B-4121-BD3A-0F93D1A2538F}.Release|Any CPU.ActiveCfg = Release|Any CPU
		{725EC9D5-108B-4121-BD3A-0F93D1A2538F}.Release|Any CPU.Build.0 = Release|Any CPU
		{84FBED55-EA1B-4BDC-B96D-77F137FDB7C7}.Debug|Any CPU.ActiveCfg = Debug|Any CPU
		{84FBED55-EA1B-4BDC-B96D-77F137FDB7C7}.Debug|Any CPU.Build.0 = Debug|Any CPU
		{84FBED55-EA1B-4BDC-B96D-77F137FDB7C7}.Release|Any CPU.ActiveCfg = Release|Any CPU
		{84FBED55-EA1B-4BDC-B96D-77F137FDB7C7}.Release|Any CPU.Build.0 = Release|Any CPU
		{D8CAF91E-1A1D-4EEF-B45C-8992396F520B}.Debug|Any CPU.ActiveCfg = Debug|Any CPU
		{D8CAF91E-1A1D-4EEF-B45C-8992396F520B}.Debug|Any CPU.Build.0 = Debug|Any CPU
		{D8CAF91E-1A1D-4EEF-B45C-8992396F520B}.Release|Any CPU.ActiveCfg = Release|Any CPU
		{D8CAF91E-1A1D-4EEF-B45C-8992396F520B}.Release|Any CPU.Build.0 = Release|Any CPU
		{D7F207AF-9C57-4F28-AFBE-A13A265DACBF}.Debug|Any CPU.ActiveCfg = Debug|Any CPU
		{D7F207AF-9C57-4F28-AFBE-A13A265DACBF}.Debug|Any CPU.Build.0 = Debug|Any CPU
		{D7F207AF-9C57-4F28-AFBE-A13A265DACBF}.Release|Any CPU.ActiveCfg = Release|Any CPU
		{D7F207AF-9C57-4F28-AFBE-A13A265DACBF}.Release|Any CPU.Build.0 = Release|Any CPU
		{C9B70564-407F-457A-9203-CCD77B332AF5}.Debug|Any CPU.ActiveCfg = Debug|Any CPU
		{C9B70564-407F-457A-9203-CCD77B332AF5}.Debug|Any CPU.Build.0 = Debug|Any CPU
		{C9B70564-407F-457A-9203-CCD77B332AF5}.Release|Any CPU.ActiveCfg = Release|Any CPU
		{C9B70564-407F-457A-9203-CCD77B332AF5}.Release|Any CPU.Build.0 = Release|Any CPU
		{8C0E50B3-7BC2-480E-B6AF-5B35915CE22B}.Debug|Any CPU.ActiveCfg = Debug|Any CPU
		{8C0E50B3-7BC2-480E-B6AF-5B35915CE22B}.Debug|Any CPU.Build.0 = Debug|Any CPU
		{8C0E50B3-7BC2-480E-B6AF-5B35915CE22B}.Release|Any CPU.ActiveCfg = Release|Any CPU
		{8C0E50B3-7BC2-480E-B6AF-5B35915CE22B}.Release|Any CPU.Build.0 = Release|Any CPU
	EndGlobalSection
EndGlobal
